Microsoft Visual Studio Solution File, Format Version 12.00
# Visual Studio 2012
Project("{FAE04EC0-301F-11D3-BF4B-00C04F79EFBC}") = "VS Clone", "VS Clone.csproj", "{FE395E2F-97A8-42BD-BC1F-3AEF139312BF}"
EndProject
Global
	GlobalSection(SolutionConfigurationPlatforms) = preSolution
	Debug|Any CPU = Debug|Any CPU
	ExportDebug|Any CPU = ExportDebug|Any CPU
	ExportRelease|Any CPU = ExportRelease|Any CPU
	EndGlobalSection
	GlobalSection(ProjectConfigurationPlatforms) = postSolution
		{FE395E2F-97A8-42BD-BC1F-3AEF139312BF}.Debug|Any CPU.ActiveCfg = Debug|Any CPU
		{FE395E2F-97A8-42BD-BC1F-3AEF139312BF}.Debug|Any CPU.Build.0 = Debug|Any CPU
		{FE395E2F-97A8-42BD-BC1F-3AEF139312BF}.ExportDebug|Any CPU.ActiveCfg = ExportDebug|Any CPU
		{FE395E2F-97A8-42BD-BC1F-3AEF139312BF}.ExportDebug|Any CPU.Build.0 = ExportDebug|Any CPU
		{FE395E2F-97A8-42BD-BC1F-3AEF139312BF}.ExportRelease|Any CPU.ActiveCfg = ExportRelease|Any CPU
		{FE395E2F-97A8-42BD-BC1F-3AEF139312BF}.ExportRelease|Any CPU.Build.0 = ExportRelease|Any CPU
	EndGlobalSection
EndGlobal
